
Microsoft Visual Studio Solution File, Format Version 12.00
# Visual Studio Version 16
VisualStudioVersion = 16.0.30114.105
MinimumVisualStudioVersion = 10.0.40219.1
Project("{FAE04EC0-301F-11D3-BF4B-00C04F79EFBC}") = "API", "API\API.csproj", "{80C7D46E-B785-4B84-97DC-334382A631A7}"
EndProject
Project("{FAE04EC0-301F-11D3-BF4B-00C04F79EFBC}") = "Application", "Application\Application.csproj", "{5F5AA833-6555-4565-B83E-6AEFE9A416B1}"
EndProject
Project("{FAE04EC0-301F-11D3-BF4B-00C04F79EFBC}") = "Persistence", "Persistence\Persistence.csproj", "{DCDF6642-8858-400B-834E-C05749232B9E}"
EndProject
Project("{FAE04EC0-301F-11D3-BF4B-00C04F79EFBC}") = "Domain", "Domain\Domain.csproj", "{5E584C44-6EF7-4210-BA05-E6D63436647D}"
EndProject
Global
	GlobalSection(SolutionConfigurationPlatforms) = preSolution
		Debug|Any CPU = Debug|Any CPU
		Debug|x64 = Debug|x64
		Debug|x86 = Debug|x86
		Release|Any CPU = Release|Any CPU
		Release|x64 = Release|x64
		Release|x86 = Release|x86
	EndGlobalSection
	GlobalSection(SolutionProperties) = preSolution
		HideSolutionNode = FALSE
	EndGlobalSection
	GlobalSection(ProjectConfigurationPlatforms) = postSolution
		{80C7D46E-B785-4B84-97DC-334382A631A7}.Debug|Any CPU.ActiveCfg = Debug|Any CPU
		{80C7D46E-B785-4B84-97DC-334382A631A7}.Debug|Any CPU.Build.0 = Debug|Any CPU
		{80C7D46E-B785-4B84-97DC-334382A631A7}.Debug|x64.ActiveCfg = Debug|Any CPU
		{80C7D46E-B785-4B84-97DC-334382A631A7}.Debug|x64.Build.0 = Debug|Any CPU
		{80C7D46E-B785-4B84-97DC-334382A631A7}.Debug|x86.ActiveCfg = Debug|Any CPU
		{80C7D46E-B785-4B84-97DC-334382A631A7}.Debug|x86.Build.0 = Debug|Any CPU
		{80C7D46E-B785-4B84-97DC-334382A631A7}.Release|Any CPU.ActiveCfg = Release|Any CPU
		{80C7D46E-B785-4B84-97DC-334382A631A7}.Release|Any CPU.Build.0 = Release|Any CPU
		{80C7D46E-B785-4B84-97DC-334382A631A7}.Release|x64.ActiveCfg = Release|Any CPU
		{80C7D46E-B785-4B84-97DC-334382A631A7}.Release|x64.Build.0 = Release|Any CPU
		{80C7D46E-B785-4B84-97DC-334382A631A7}.Release|x86.ActiveCfg = Release|Any CPU
		{80C7D46E-B785-4B84-97DC-334382A631A7}.Release|x86.Build.0 = Release|Any CPU
		{5F5AA833-6555-4565-B83E-6AEFE9A416B1}.Debug|Any CPU.ActiveCfg = Debug|Any CPU
		{5F5AA833-6555-4565-B83E-6AEFE9A416B1}.Debug|Any CPU.Build.0 = Debug|Any CPU
		{5F5AA833-6555-4565-B83E-6AEFE9A416B1}.Debug|x64.ActiveCfg = Debug|Any CPU
		{5F5AA833-6555-4565-B83E-6AEFE9A416B1}.Debug|x64.Build.0 = Debug|Any CPU
		{5F5AA833-6555-4565-B83E-6AEFE9A416B1}.Debug|x86.ActiveCfg = Debug|Any CPU
		{5F5AA833-6555-4565-B83E-6AEFE9A416B1}.Debug|x86.Build.0 = Debug|Any CPU
		{5F5AA833-6555-4565-B83E-6AEFE9A416B1}.Release|Any CPU.ActiveCfg = Release|Any CPU
		{5F5AA833-6555-4565-B83E-6AEFE9A416B1}.Release|Any CPU.Build.0 = Release|Any CPU
		{5F5AA833-6555-4565-B83E-6AEFE9A416B1}.Release|x64.ActiveCfg = Release|Any CPU
		{5F5AA833-6555-4565-B83E-6AEFE9A416B1}.Release|x64.Build.0 = Release|Any CPU
		{5F5AA833-6555-4565-B83E-6AEFE9A416B1}.Release|x86.ActiveCfg = Release|Any CPU
		{5F5AA833-6555-4565-B83E-6AEFE9A416B1}.Release|x86.Build.0 = Release|Any CPU
		{DCDF6642-8858-400B-834E-C05749232B9E}.Debug|Any CPU.ActiveCfg = Debug|Any CPU
		{DCDF6642-8858-400B-834E-C05749232B9E}.Debug|Any CPU.Build.0 = Debug|Any CPU
		{DCDF6642-8858-400B-834E-C05749232B9E}.Debug|x64.ActiveCfg = Debug|Any CPU
		{DCDF6642-8858-400B-834E-C05749232B9E}.Debug|x64.Build.0 = Debug|Any CPU
		{DCDF6642-8858-400B-834E-C05749232B9E}.Debug|x86.ActiveCfg = Debug|Any CPU
		{DCDF6642-8858-400B-834E-C05749232B9E}.Debug|x86.Build.0 = Debug|Any CPU
		{DCDF6642-8858-400B-834E-C05749232B9E}.Release|Any CPU.ActiveCfg = Release|Any CPU
		{DCDF6642-8858-400B-834E-C05749232B9E}.Release|Any CPU.Build.0 = Release|Any CPU
		{DCDF6642-8858-400B-834E-C05749232B9E}.Release|x64.ActiveCfg = Release|Any CPU
		{DCDF6642-8858-400B-834E-C05749232B9E}.Release|x64.Build.0 = Release|Any CPU
		{DCDF6642-8858-400B-834E-C05749232B9E}.Release|x86.ActiveCfg = Release|Any CPU
		{DCDF6642-8858-400B-834E-C05749232B9E}.Release|x86.Build.0 = Release|Any CPU
		{5E584C44-6EF7-4210-BA05-E6D63436647D}.Debug|Any CPU.ActiveCfg = Debug|Any CPU
		{5E584C44-6EF7-4210-BA05-E6D63436647D}.Debug|Any CPU.Build.0 = Debug|Any CPU
		{5E584C44-6EF7-4210-BA05-E6D63436647D}.Debug|x64.ActiveCfg = Debug|Any CPU
		{5E584C44-6EF7-4210-BA05-E6D63436647D}.Debug|x64.Build.0 = Debug|Any CPU
		{5E584C44-6EF7-4210-BA05-E6D63436647D}.Debug|x86.ActiveCfg = Debug|Any CPU
		{5E584C44-6EF7-4210-BA05-E6D63436647D}.Debug|x86.Build.0 = Debug|Any CPU
		{5E584C44-6EF7-4210-BA05-E6D63436647D}.Release|Any CPU.ActiveCfg = Release|Any CPU
		{5E584C44-6EF7-4210-BA05-E6D63436647D}.Release|Any CPU.Build.0 = Release|Any CPU
		{5E584C44-6EF7-4210-BA05-E6D63436647D}.Release|x64.ActiveCfg = Release|Any CPU
		{5E584C44-6EF7-4210-BA05-E6D63436647D}.Release|x64.Build.0 = Release|Any CPU
		{5E584C44-6EF7-4210-BA05-E6D63436647D}.Release|x86.ActiveCfg = Release|Any CPU
		{5E584C44-6EF7-4210-BA05-E6D63436647D}.Release|x86.Build.0 = Release|Any CPU
	EndGlobalSection
EndGlobal
