
Microsoft Visual Studio Solution File, Format Version 12.00
# Visual Studio Version 17
VisualStudioVersion = 17.0.31903.59
MinimumVisualStudioVersion = 10.0.40219.1
Project("{FAE04EC0-301F-11D3-BF4B-00C04F79EFBC}") = "API", "API\API.csproj", "{3D280824-767A-4A57-8717-F2EA8A66C225}"
EndProject
Project("{FAE04EC0-301F-11D3-BF4B-00C04F79EFBC}") = "Application", "Application\Application.csproj", "{CABDBBC3-BBC7-430E-825C-26CDB0E23131}"
EndProject
Project("{FAE04EC0-301F-11D3-BF4B-00C04F79EFBC}") = "Domain", "Domain\Domain.csproj", "{C05179F8-B6C7-4166-B57E-AEC7B2AE23D9}"
EndProject
Project("{FAE04EC0-301F-11D3-BF4B-00C04F79EFBC}") = "Persistence", "Persistence\Persistence.csproj", "{CC4453D8-8984-4A0D-8687-0FB983434D48}"
EndProject
Global
	GlobalSection(SolutionConfigurationPlatforms) = preSolution
		Debug|Any CPU = Debug|Any CPU
		Release|Any CPU = Release|Any CPU
	EndGlobalSection
	GlobalSection(SolutionProperties) = preSolution
		HideSolutionNode = FALSE
	EndGlobalSection
	GlobalSection(ProjectConfigurationPlatforms) = postSolution
		{3D280824-767A-4A57-8717-F2EA8A66C225}.Debug|Any CPU.ActiveCfg = Debug|Any CPU
		{3D280824-767A-4A57-8717-F2EA8A66C225}.Debug|Any CPU.Build.0 = Debug|Any CPU
		{3D280824-767A-4A57-8717-F2EA8A66C225}.Release|Any CPU.ActiveCfg = Release|Any CPU
		{3D280824-767A-4A57-8717-F2EA8A66C225}.Release|Any CPU.Build.0 = Release|Any CPU
		{CABDBBC3-BBC7-430E-825C-26CDB0E23131}.Debug|Any CPU.ActiveCfg = Debug|Any CPU
		{CABDBBC3-BBC7-430E-825C-26CDB0E23131}.Debug|Any CPU.Build.0 = Debug|Any CPU
		{CABDBBC3-BBC7-430E-825C-26CDB0E23131}.Release|Any CPU.ActiveCfg = Release|Any CPU
		{CABDBBC3-BBC7-430E-825C-26CDB0E23131}.Release|Any CPU.Build.0 = Release|Any CPU
		{C05179F8-B6C7-4166-B57E-AEC7B2AE23D9}.Debug|Any CPU.ActiveCfg = Debug|Any CPU
		{C05179F8-B6C7-4166-B57E-AEC7B2AE23D9}.Debug|Any CPU.Build.0 = Debug|Any CPU
		{C05179F8-B6C7-4166-B57E-AEC7B2AE23D9}.Release|Any CPU.ActiveCfg = Release|Any CPU
		{C05179F8-B6C7-4166-B57E-AEC7B2AE23D9}.Release|Any CPU.Build.0 = Release|Any CPU
		{CC4453D8-8984-4A0D-8687-0FB983434D48}.Debug|Any CPU.ActiveCfg = Debug|Any CPU
		{CC4453D8-8984-4A0D-8687-0FB983434D48}.Debug|Any CPU.Build.0 = Debug|Any CPU
		{CC4453D8-8984-4A0D-8687-0FB983434D48}.Release|Any CPU.ActiveCfg = Release|Any CPU
		{CC4453D8-8984-4A0D-8687-0FB983434D48}.Release|Any CPU.Build.0 = Release|Any CPU
	EndGlobalSection
EndGlobal
